
Microsoft Visual Studio Solution File, Format Version 12.00
# Visual Studio Version 17
VisualStudioVersion = 17.14.36401.2 d17.14
MinimumVisualStudioVersion = 10.0.40219.1
Project("{FAE04EC0-301F-11D3-BF4B-00C04F79EFBC}") = "School Grading System", "School Grading System\School Grading System.csproj", "{30511719-3DBD-4245-B2E6-1A670226DF78}"
EndProject
Global
	GlobalSection(SolutionConfigurationPlatforms) = preSolution
		Debug|Any CPU = Debug|Any CPU
		Release|Any CPU = Release|Any CPU
	EndGlobalSection
	GlobalSection(ProjectConfigurationPlatforms) = postSolution
		{30511719-3DBD-4245-B2E6-1A670226DF78}.Debug|Any CPU.ActiveCfg = Debug|Any CPU
		{30511719-3DBD-4245-B2E6-1A670226DF78}.Debug|Any CPU.Build.0 = Debug|Any CPU
		{30511719-3DBD-4245-B2E6-1A670226DF78}.Release|Any CPU.ActiveCfg = Release|Any CPU
		{30511719-3DBD-4245-B2E6-1A670226DF78}.Release|Any CPU.Build.0 = Release|Any CPU
	EndGlobalSection
	GlobalSection(SolutionProperties) = preSolution
		HideSolutionNode = FALSE
	EndGlobalSection
	GlobalSection(ExtensibilityGlobals) = postSolution
		SolutionGuid = {B8AE1363-9AA8-4D98-A8D7-219A85858F9F}
	EndGlobalSection
EndGlobal
